// !$*UTF8*$!
{
 archiveVersion = 1;
 classes = {};
 objectVersion = 56;
  objects = {
  F40000000000000000000001 = {isa = PBXFileReference; lastKnownFileType = sourcecode.swift; path = App/KeyRecordApp/ProductReduction.swift; sourceTree = SOURCE_ROOT;};
  F40000000000000000000002 = {isa = PBXFileReference; lastKnownFileType = sourcecode.swift; path = App/KeyRecordAppTests/ProductReductionTests.swift; sourceTree = SOURCE_ROOT;};
  E40000000000000000000001 = {isa = PBXBuildFile; fileRef = F40000000000000000000001;};
  E40000000000000000000002 = {isa = PBXBuildFile; fileRef = F40000000000000000000001;};
  E40000000000000000000003 = {isa = PBXBuildFile; fileRef = F40000000000000000000002;};
  E40000000000000000000004 = {isa = PBXBuildFile; productRef = D00000000000000000000003;};

   F20000000000000000000001 = {isa = PBXFileReference; lastKnownFileType = sourcecode.swift; path = App/KeyRecordAppTests/ScreenEvidenceCheckers.swift; sourceTree = SOURCE_ROOT;};
   F20000000000000000000002 = {isa = PBXFileReference; lastKnownFileType = sourcecode.swift; path = App/KeyRecordAppTests/T22AccessibilityTests.swift; sourceTree = SOURCE_ROOT;};
   F20000000000000000000003 = {isa = PBXFileReference; lastKnownFileType = sourcecode.swift; path = App/KeyRecordAppTests/ScreenMatrixAuditTests.swift; sourceTree = SOURCE_ROOT;};
   E20000000000000000000001 = {isa = PBXBuildFile; fileRef = F20000000000000000000001;};
   E20000000000000000000002 = {isa = PBXBuildFile; fileRef = F20000000000000000000002;};
   E20000000000000000000003 = {isa = PBXBuildFile; fileRef = F20000000000000000000003;};
   A20000000000000000000001 = {isa = PBXGroup; name = ScreenTestExtensions; children = (F20000000000000000000001,F20000000000000000000002,F20000000000000000000003); sourceTree = "<group>";};
  F10000000000000000000001 = {isa = PBXFileReference; lastKnownFileType = sourcecode.swift; path = App/KeyRecordAppTests/ProductLocaleStartupTests.swift; sourceTree = SOURCE_ROOT;};
  F10000000000000000000002 = {isa = PBXFileReference; lastKnownFileType = sourcecode.swift; path = App/KeyRecordAppTests/ProductLocaleTransactionTests.swift; sourceTree = SOURCE_ROOT;};
  F10000000000000000000003 = {isa = PBXFileReference; lastKnownFileType = sourcecode.swift; path = Tests/KeyRecordTestSupport/SuspendedPreferencesStorage.swift; sourceTree = SOURCE_ROOT;};
  F10000000000000000000004 = {isa = PBXFileReference; lastKnownFileType = sourcecode.swift; path = Tests/KeyRecordTestSupport/LifecycleFixtures.swift; sourceTree = SOURCE_ROOT;};
  F10000000000000000000005 = {isa = PBXFileReference; lastKnownFileType = sourcecode.swift; path = Tests/KeyRecordTestSupport/LifecycleHarness.swift; sourceTree = SOURCE_ROOT;};
  F10000000000000000000006 = {isa = PBXFileReference; lastKnownFileType = sourcecode.swift; path = Tests/KeyRecordTestSupport/DomainFixtures.swift; sourceTree = SOURCE_ROOT;};
  E10000000000000000000001 = {isa = PBXBuildFile; fileRef = F10000000000000000000001;};
  E10000000000000000000002 = {isa = PBXBuildFile; fileRef = F10000000000000000000002;};
  E10000000000000000000003 = {isa = PBXBuildFile; fileRef = F10000000000000000000003;};
  E10000000000000000000004 = {isa = PBXBuildFile; fileRef = F10000000000000000000004;};
  E10000000000000000000005 = {isa = PBXBuildFile; fileRef = F10000000000000000000005;};
  E10000000000000000000006 = {isa = PBXBuildFile; fileRef = F10000000000000000000006;};
  F00000000000000000000123 = {isa = PBXFileReference; lastKnownFileType = sourcecode.swift; path = App/KeyRecordAppTests/ProductReleaseBoundaryTests.swift; sourceTree = SOURCE_ROOT;};
  E00000000000000000000123 = {isa = PBXBuildFile; fileRef = F00000000000000000000123;};
  F00000000000000000000080 = {isa = PBXFileReference; lastKnownFileType = sourcecode.swift; path = App/KeyRecordApp/ProductComposition.swift; sourceTree = SOURCE_ROOT;};
  F00000000000000000000081 = {isa = PBXFileReference; lastKnownFileType = sourcecode.swift; path = App/KeyRecordApp/ProductPersistence.swift; sourceTree = SOURCE_ROOT;};
  F00000000000000000000082 = {isa = PBXFileReference; lastKnownFileType = sourcecode.swift; path = App/KeyRecordApp/ProductCapture.swift; sourceTree = SOURCE_ROOT;};
  F30000000000000000000001 = {isa = PBXFileReference; lastKnownFileType = sourcecode.swift; path = App/KeyRecordApp/LocalDevelopmentCapture.swift; sourceTree = SOURCE_ROOT;};
  F30000000000000000000020 = {isa = PBXFileReference; lastKnownFileType = sourcecode.swift; path = App/KeyRecordApp/ExclusionCandidates.swift; sourceTree = SOURCE_ROOT;};
  F30000000000000000000022 = {isa = PBXFileReference; lastKnownFileType = sourcecode.swift; path = App/KeyRecordAppTests/ProductWiringTests.swift; sourceTree = SOURCE_ROOT;};
  F30000000000000000000002 = {isa = PBXFileReference; lastKnownFileType = sourcecode.swift; path = App/KeyRecordAppTests/Phase1ReleaseIsolationTests.swift; sourceTree = SOURCE_ROOT;};
  F30000000000000000000003 = {isa = PBXFileReference; lastKnownFileType = sourcecode.swift; path = App/KeyRecordApp/LocalKeychainBackend.swift; sourceTree = SOURCE_ROOT;};
  F30000000000000000000004 = {isa = PBXFileReference; lastKnownFileType = sourcecode.swift; path = App/KeyRecordApp/LocalKeychainQueries.swift; sourceTree = SOURCE_ROOT;};
  F30000000000000000000005 = {isa = PBXFileReference; lastKnownFileType = sourcecode.swift; path = App/KeyRecordAppTests/LocalKeychainQueriesTests.swift; sourceTree = SOURCE_ROOT;};
  E00000000000000000000080 = {isa = PBXBuildFile; fileRef = F00000000000000000000080;};
  E00000000000000000000081 = {isa = PBXBuildFile; fileRef = F00000000000000000000081;};
  E00000000000000000000082 = {isa = PBXBuildFile; fileRef = F00000000000000000000082;};
  E30000000000000000000001 = {isa = PBXBuildFile; fileRef = F30000000000000000000001;};
  E30000000000000000000020 = {isa = PBXBuildFile; fileRef = F30000000000000000000020;};
  E30000000000000000000021 = {isa = PBXBuildFile; fileRef = F30000000000000000000020;};
  E30000000000000000000023 = {isa = PBXBuildFile; fileRef = F30000000000000000000022;};
  E30000000000000000000002 = {isa = PBXBuildFile; fileRef = F30000000000000000000001;};
  E30000000000000000000003 = {isa = PBXBuildFile; fileRef = F30000000000000000000002;};
  E30000000000000000000004 = {isa = PBXBuildFile; productRef = D00000000000000000000002;};
  E30000000000000000000005 = {isa = PBXBuildFile; fileRef = F30000000000000000000003;};
  E30000000000000000000006 = {isa = PBXBuildFile; fileRef = F30000000000000000000004;};
  E30000000000000000000007 = {isa = PBXBuildFile; fileRef = F30000000000000000000004;};
  E30000000000000000000008 = {isa = PBXBuildFile; fileRef = F30000000000000000000005;};
  F00000000000000000000040 = {isa = PBXFileReference; lastKnownFileType = sourcecode.c.objc; path = App/KeyRecordAppTests/AXBridge.m; sourceTree = SOURCE_ROOT;};
  E00000000000000000000040 = {isa = PBXBuildFile; fileRef = F00000000000000000000040;};
  F00000000000000000000030 = {isa = PBXFileReference; lastKnownFileType = sourcecode.swift; path = App/KeyRecordApp/NativeControls.swift; sourceTree = SOURCE_ROOT;};
  E00000000000000000000030 = {isa = PBXBuildFile; fileRef = F00000000000000000000030;};
  E00000000000000000000031 = {isa = PBXBuildFile; fileRef = F00000000000000000000030;};
  A00000000000000000000001 = {isa = PBXProject; attributes = {BuildIndependentTargetsInParallel = YES; LastUpgradeCheck = 2660;}; buildConfigurationList = C00000000000000000000001; compatibilityVersion = "Xcode 14.0"; developmentRegion = en; knownRegions = (en, Base, "zh-Hans"); mainGroup = A00000000000000000000002; productRefGroup = A00000000000000000000003; projectDirPath = ""; projectRoot = ""; packageReferences = (A00000000000000000000004); targets = (A00000000000000000000010, A00000000000000000000011, A00000000000000000000020);};
  A00000000000000000000020 = {isa = PBXNativeTarget; buildConfigurationList = C00000000000000000000020; buildPhases = (B00000000000000000000020); buildRules = (); dependencies = (A00000000000000000000012); name = KeyRecordAppUITests; productName = KeyRecordAppUITests; productReference = F00000000000000000000020; productType = "com.apple.product-type.bundle.ui-testing";};
  F00000000000000000000020 = {isa = PBXFileReference; explicitFileType = wrapper.cfbundle; path = KeyRecordAppUITests.xctest; sourceTree = BUILT_PRODUCTS_DIR;};
  F00000000000000000000021 = {isa = PBXFileReference; lastKnownFileType = sourcecode.swift; path = App/KeyRecordAppUITests/Task18Reservation.swift; sourceTree = SOURCE_ROOT;};
  E00000000000000000000020 = {isa = PBXBuildFile; fileRef = F00000000000000000000021;};
  B00000000000000000000020 = {isa = PBXSourcesBuildPhase; buildActionMask = 2147483647; files = (E00000000000000000000020,E00000000000000000000076); runOnlyForDeploymentPostprocessing = 0;};
  C00000000000000000000020 = {isa = XCConfigurationList; buildConfigurations = (C00000000000000000000021,C00000000000000000000022); defaultConfigurationIsVisible = 0; defaultConfigurationName = Release;};
  C00000000000000000000021 = {isa = XCBuildConfiguration; name = Debug; buildSettings = {SWIFT_ACTIVE_COMPILATION_CONDITIONS = DEBUG; PRODUCT_NAME = "$(TARGET_NAME)"; PRODUCT_BUNDLE_IDENTIFIER = com.keyrecord.app.uitests; GENERATE_INFOPLIST_FILE = YES; TEST_TARGET_NAME = KeyRecordApp;};};
  C00000000000000000000022 = {isa = XCBuildConfiguration; name = Release; buildSettings = {PRODUCT_NAME = "$(TARGET_NAME)"; PRODUCT_BUNDLE_IDENTIFIER = com.keyrecord.app.uitests; GENERATE_INFOPLIST_FILE = YES; TEST_TARGET_NAME = KeyRecordApp;};};
  A00000000000000000000002 = {isa = PBXGroup; children = (F40000000000000000000001,F40000000000000000000002,F30000000000000000000022,F30000000000000000000020,A20000000000000000000001,F00000000000000000000001,F00000000000000000000002,F00000000000000000000003,F00000000000000000000004,F00000000000000000000005,F00000000000000000000006,F00000000000000000000007,F00000000000000000000008,F00000000000000000000050,F00000000000000000000051,F00000000000000000000052,F00000000000000000000060,F00000000000000000000061,F00000000000000000000062,F00000000000000000000063,F00000000000000000000064,F00000000000000000000065,F00000000000000000000066,F00000000000000000000067,F00000000000000000000090,F00000000000000000000091,F00000000000000000000092,F00000000000000000000093,F00000000000000000000094,F00000000000000000000095,F30000000000000000000001,F30000000000000000000002,F30000000000000000000003,F30000000000000000000004,F30000000000000000000005,A00000000000000000000003); sourceTree = "<group>";};
  A00000000000000000000003 = {isa = PBXGroup; name = Products; children = (F00000000000000000000010,F00000000000000000000011); sourceTree = "<group>";};
  A00000000000000000000004 = {isa = XCLocalSwiftPackageReference; relativePath = .;};
  A00000000000000000000010 = {isa = PBXNativeTarget; buildConfigurationList = C00000000000000000000002; buildPhases = (B00000000000000000000001,B00000000000000000000002,B00000000000000000000003); buildRules = (); dependencies = (); name = KeyRecordApp; packageProductDependencies = (D00000000000000000000001,D00000000000000000000002,D00000000000000000000003); productName = KeyRecordApp; productReference = F00000000000000000000010; productType = "com.apple.product-type.application";};
  A00000000000000000000011 = {isa = PBXNativeTarget; buildConfigurationList = C00000000000000000000003; buildPhases = (B00000000000000000000004,B00000000000000000000005,B00000000000000000000006); buildRules = (); dependencies = (A00000000000000000000012); name = KeyRecordAppTests; packageProductDependencies = (D00000000000000000000004,D00000000000000000000002,D00000000000000000000003); productName = KeyRecordAppTests; productReference = F00000000000000000000011; productType = "com.apple.product-type.bundle.unit-test";};
  A00000000000000000000012 = {isa = PBXTargetDependency; target = A00000000000000000000010; targetProxy = A00000000000000000000013;};
  A00000000000000000000013 = {isa = PBXContainerItemProxy; containerPortal = A00000000000000000000001; proxyType = 1; remoteGlobalIDString = A00000000000000000000010; remoteInfo = KeyRecordApp;};
  F00000000000000000000001 = {isa = PBXFileReference; lastKnownFileType = sourcecode.swift; path = App/KeyRecordApp/AppDelegate.swift; sourceTree = SOURCE_ROOT;};
  F00000000000000000000002 = {isa = PBXFileReference; lastKnownFileType = sourcecode.swift; path = App/KeyRecordApp/PrimitiveState.swift; sourceTree = SOURCE_ROOT;};
  F00000000000000000000003 = {isa = PBXFileReference; lastKnownFileType = sourcecode.swift; path = App/KeyRecordApp/Primitives.swift; sourceTree = SOURCE_ROOT;};
  F00000000000000000000004 = {isa = PBXFileReference; lastKnownFileType = sourcecode.swift; path = App/KeyRecordApp/PrimitiveShowcase.swift; sourceTree = SOURCE_ROOT;};
  F00000000000000000000050 = {isa = PBXFileReference; lastKnownFileType = sourcecode.swift; path = App/KeyRecordApp/CaptureController.swift; sourceTree = SOURCE_ROOT;};
  F00000000000000000000051 = {isa = PBXFileReference; lastKnownFileType = sourcecode.swift; path = App/KeyRecordApp/LoginItemController.swift; sourceTree = SOURCE_ROOT;};
  F00000000000000000000052 = {isa = PBXFileReference; lastKnownFileType = sourcecode.swift; path = App/KeyRecordApp/SMAppServiceLoginItemBackend.swift; sourceTree = SOURCE_ROOT;};
  F00000000000000000000060 = {isa = PBXFileReference; lastKnownFileType = sourcecode.swift; path = App/KeyRecordApp/FlowModel.swift; sourceTree = SOURCE_ROOT;};
  F00000000000000000000061 = {isa = PBXFileReference; lastKnownFileType = sourcecode.swift; path = App/KeyRecordApp/FlowScreens.swift; sourceTree = SOURCE_ROOT;};
  F00000000000000000000062 = {isa = PBXFileReference; lastKnownFileType = sourcecode.swift; path = App/KeyRecordApp/AggregateFlowView.swift; sourceTree = SOURCE_ROOT;};
  F00000000000000000000063 = {isa = PBXFileReference; lastKnownFileType = sourcecode.swift; path = App/KeyRecordApp/SettingsFlowView.swift; sourceTree = SOURCE_ROOT;};
  F00000000000000000000064 = {isa = PBXFileReference; lastKnownFileType = sourcecode.swift; path = App/KeyRecordApp/FlowPreview.swift; sourceTree = SOURCE_ROOT;};
  F00000000000000000000065 = {isa = PBXFileReference; lastKnownFileType = sourcecode.swift; path = App/KeyRecordApp/FlowTestComposition.swift; sourceTree = SOURCE_ROOT;};
  F00000000000000000000066 = {isa = PBXFileReference; lastKnownFileType = sourcecode.swift; path = App/KeyRecordAppTests/Phase1FlowHostlessTests.swift; sourceTree = SOURCE_ROOT;};
  F00000000000000000000067 = {isa = PBXFileReference; lastKnownFileType = sourcecode.swift; path = App/KeyRecordAppUITests/Phase1FlowTests.swift; sourceTree = SOURCE_ROOT;};
   F00000000000000000000090 = {isa = PBXFileReference; lastKnownFileType = sourcecode.swift; path = App/KeyRecordAppTests/ScreenMatrixModel.swift; sourceTree = SOURCE_ROOT;};
   F00000000000000000000091 = {isa = PBXFileReference; lastKnownFileType = sourcecode.swift; path = App/KeyRecordAppTests/ScreenEvidence.swift; sourceTree = SOURCE_ROOT;};
   F00000000000000000000092 = {isa = PBXFileReference; lastKnownFileType = sourcecode.swift; path = App/KeyRecordAppTests/LocalizationAudit.swift; sourceTree = SOURCE_ROOT;};
   F00000000000000000000093 = {isa = PBXFileReference; lastKnownFileType = sourcecode.swift; path = App/KeyRecordAppTests/SourceInspection.swift; sourceTree = SOURCE_ROOT;};
   F00000000000000000000094 = {isa = PBXFileReference; lastKnownFileType = sourcecode.swift; path = App/KeyRecordAppTests/ScreenMatrixTests.swift; sourceTree = SOURCE_ROOT;};
   F00000000000000000000095 = {isa = PBXFileReference; lastKnownFileType = sourcecode.swift; path = App/KeyRecordAppTests/ScreenStressTests.swift; sourceTree = SOURCE_ROOT;};
   E00000000000000000000090 = {isa = PBXBuildFile; fileRef = F00000000000000000000090;};
   E00000000000000000000091 = {isa = PBXBuildFile; fileRef = F00000000000000000000091;};
   E00000000000000000000092 = {isa = PBXBuildFile; fileRef = F00000000000000000000092;};
   E00000000000000000000093 = {isa = PBXBuildFile; fileRef = F00000000000000000000093;};
   E00000000000000000000094 = {isa = PBXBuildFile; fileRef = F00000000000000000000094;};
   E00000000000000000000095 = {isa = PBXBuildFile; fileRef = F00000000000000000000095;};
  F00000000000000000000005 = {isa = PBXVariantGroup; name = Localizable.strings; children = (F00000000000000000000012,F00000000000000000000013); sourceTree = "<group>";};
  F00000000000000000000006 = {isa = PBXFileReference; lastKnownFileType = sourcecode.swift; path = App/KeyRecordAppTests/AppProjectTests.swift; sourceTree = SOURCE_ROOT;};
  F00000000000000000000007 = {isa = PBXFileReference; lastKnownFileType = sourcecode.swift; path = App/KeyRecordAppTests/PrimitiveStateTests.swift; sourceTree = SOURCE_ROOT;};
  F00000000000000000000008 = {isa = PBXFileReference; lastKnownFileType = sourcecode.swift; path = App/KeyRecordAppTests/NativeEvidence.swift; sourceTree = SOURCE_ROOT;};
  F00000000000000000000010 = {isa = PBXFileReference; explicitFileType = wrapper.application; path = KeyRecordApp.app; sourceTree = BUILT_PRODUCTS_DIR;};
  F00000000000000000000011 = {isa = PBXFileReference; explicitFileType = wrapper.cfbundle; path = KeyRecordAppTests.xctest; sourceTree = BUILT_PRODUCTS_DIR;};
  F00000000000000000000012 = {isa = PBXFileReference; lastKnownFileType = text.plist.strings; name = en; path = App/KeyRecordApp/en.lproj/Localizable.strings; sourceTree = SOURCE_ROOT;};
  F00000000000000000000013 = {isa = PBXFileReference; lastKnownFileType = text.plist.strings; name = "zh-Hans"; path = "App/KeyRecordApp/zh-Hans.lproj/Localizable.strings"; sourceTree = SOURCE_ROOT;};
  E00000000000000000000001 = {isa = PBXBuildFile; fileRef = F00000000000000000000001;};
  E00000000000000000000002 = {isa = PBXBuildFile; fileRef = F00000000000000000000002;};
  E00000000000000000000003 = {isa = PBXBuildFile; fileRef = F00000000000000000000003;};
  E00000000000000000000004 = {isa = PBXBuildFile; fileRef = F00000000000000000000004;};
  E00000000000000000000050 = {isa = PBXBuildFile; fileRef = F00000000000000000000050;};
  E00000000000000000000051 = {isa = PBXBuildFile; fileRef = F00000000000000000000051;};
  E00000000000000000000052 = {isa = PBXBuildFile; fileRef = F00000000000000000000052;};
  E00000000000000000000060 = {isa = PBXBuildFile; fileRef = F00000000000000000000060;};
  E00000000000000000000061 = {isa = PBXBuildFile; fileRef = F00000000000000000000061;};
  E00000000000000000000062 = {isa = PBXBuildFile; fileRef = F00000000000000000000062;};
  E00000000000000000000063 = {isa = PBXBuildFile; fileRef = F00000000000000000000063;};
  E00000000000000000000064 = {isa = PBXBuildFile; fileRef = F00000000000000000000064;};
  E00000000000000000000065 = {isa = PBXBuildFile; fileRef = F00000000000000000000065;};
  E00000000000000000000070 = {isa = PBXBuildFile; fileRef = F00000000000000000000060;};
  E00000000000000000000071 = {isa = PBXBuildFile; fileRef = F00000000000000000000061;};
  E00000000000000000000072 = {isa = PBXBuildFile; fileRef = F00000000000000000000062;};
  E00000000000000000000073 = {isa = PBXBuildFile; fileRef = F00000000000000000000063;};
  E00000000000000000000074 = {isa = PBXBuildFile; fileRef = F00000000000000000000065;};
  E00000000000000000000075 = {isa = PBXBuildFile; fileRef = F00000000000000000000066;};
  E00000000000000000000077 = {isa = PBXBuildFile; fileRef = F00000000000000000000064;};
  E00000000000000000000076 = {isa = PBXBuildFile; fileRef = F00000000000000000000067;};
  E00000000000000000000024 = {isa = PBXBuildFile; productRef = D00000000000000000000004;};
  E00000000000000000000005 = {isa = PBXBuildFile; fileRef = F00000000000000000000005;};
  E00000000000000000000006 = {isa = PBXBuildFile; fileRef = F00000000000000000000006;};
  E00000000000000000000007 = {isa = PBXBuildFile; fileRef = F00000000000000000000007;};
  E00000000000000000000008 = {isa = PBXBuildFile; fileRef = F00000000000000000000008;};
  E00000000000000000000012 = {isa = PBXBuildFile; fileRef = F00000000000000000000002;};
  E00000000000000000000013 = {isa = PBXBuildFile; fileRef = F00000000000000000000003;};
  E00000000000000000000014 = {isa = PBXBuildFile; fileRef = F00000000000000000000004;};
  E00000000000000000000015 = {isa = PBXBuildFile; fileRef = F00000000000000000000005;};
  E00000000000000000000021 = {isa = PBXBuildFile; productRef = D00000000000000000000001;};
  E00000000000000000000022 = {isa = PBXBuildFile; productRef = D00000000000000000000002;};
  E00000000000000000000023 = {isa = PBXBuildFile; productRef = D00000000000000000000003;};
  D00000000000000000000001 = {isa = XCSwiftPackageProductDependency; package = A00000000000000000000004; productName = KeyRecordCore;};
  D00000000000000000000002 = {isa = XCSwiftPackageProductDependency; package = A00000000000000000000004; productName = KeyRecordCapture;};
  D00000000000000000000003 = {isa = XCSwiftPackageProductDependency; package = A00000000000000000000004; productName = KeyRecordStore;};
  D00000000000000000000004 = {isa = XCSwiftPackageProductDependency; package = A00000000000000000000004; productName = KeyRecordCore;};
  B00000000000000000000001 = {isa = PBXSourcesBuildPhase; buildActionMask = 2147483647; files = (E40000000000000000000001,E00000000000000000000080,E00000000000000000000081,E00000000000000000000082,E30000000000000000000001,E30000000000000000000020,E30000000000000000000005,E30000000000000000000006,E00000000000000000000030,E00000000000000000000001,E00000000000000000000002,E00000000000000000000003,E00000000000000000000004,E00000000000000000000050,E00000000000000000000051,E00000000000000000000052,E00000000000000000000060,E00000000000000000000061,E00000000000000000000062,E00000000000000000000063,E00000000000000000000064,E00000000000000000000065); runOnlyForDeploymentPostprocessing = 0;};
  B00000000000000000000002 = {isa = PBXFrameworksBuildPhase; buildActionMask = 2147483647; files = (E00000000000000000000021,E00000000000000000000022,E00000000000000000000023); runOnlyForDeploymentPostprocessing = 0;};
  B00000000000000000000003 = {isa = PBXResourcesBuildPhase; buildActionMask = 2147483647; files = (E00000000000000000000005); runOnlyForDeploymentPostprocessing = 0;};
   B00000000000000000000004 = {isa = PBXSourcesBuildPhase; buildActionMask = 2147483647; files = (E40000000000000000000002,E40000000000000000000003,E20000000000000000000001,E20000000000000000000002,E20000000000000000000003,E10000000000000000000001,E10000000000000000000002,E10000000000000000000003,E10000000000000000000004,E10000000000000000000005,E10000000000000000000006,E00000000000000000000123,E00000000000000000000040,E00000000000000000000031,E00000000000000000000006,E00000000000000000000007,E00000000000000000000008,E00000000000000000000012,E00000000000000000000013,E00000000000000000000014,E00000000000000000000070,E00000000000000000000071,E00000000000000000000072,E00000000000000000000073,E00000000000000000000074,E00000000000000000000075,E00000000000000000000077,E00000000000000000000090,E00000000000000000000091,E00000000000000000000092,E00000000000000000000093,E00000000000000000000094,E00000000000000000000095,E30000000000000000000002,E30000000000000000000003,E30000000000000000000021,E30000000000000000000023,E30000000000000000000007,E30000000000000000000008); runOnlyForDeploymentPostprocessing = 0;};
  B00000000000000000000005 = {isa = PBXFrameworksBuildPhase; buildActionMask = 2147483647; files = (E40000000000000000000004,E00000000000000000000024,E30000000000000000000004); runOnlyForDeploymentPostprocessing = 0;};
  B00000000000000000000006 = {isa = PBXResourcesBuildPhase; buildActionMask = 2147483647; files = (E00000000000000000000015); runOnlyForDeploymentPostprocessing = 0;};
  C00000000000000000000001 = {isa = XCConfigurationList; buildConfigurations = (C00000000000000000000010,C00000000000000000000011); defaultConfigurationIsVisible = 0; defaultConfigurationName = Release;};
  C00000000000000000000002 = {isa = XCConfigurationList; buildConfigurations = (C00000000000000000000012,C00000000000000000000013); defaultConfigurationIsVisible = 0; defaultConfigurationName = Release;};
  C00000000000000000000003 = {isa = XCConfigurationList; buildConfigurations = (C00000000000000000000014,C00000000000000000000015); defaultConfigurationIsVisible = 0; defaultConfigurationName = Release;};
  C00000000000000000000010 = {isa = XCBuildConfiguration; name = Debug; buildSettings = {SDKROOT = macosx; MACOSX_DEPLOYMENT_TARGET = 14.0; SWIFT_VERSION = 6.0; ARCHS = "$(ARCHS_STANDARD)"; ONLY_ACTIVE_ARCH = NO; CLANG_ENABLE_MODULES = YES; SWIFT_OPTIMIZATION_LEVEL = "-Onone"; ENABLE_TESTABILITY = YES;};};
  C00000000000000000000011 = {isa = XCBuildConfiguration; name = Release; buildSettings = {SDKROOT = macosx; MACOSX_DEPLOYMENT_TARGET = 14.0; SWIFT_VERSION = 6.0; ARCHS = "$(ARCHS_STANDARD)"; ONLY_ACTIVE_ARCH = NO; CLANG_ENABLE_MODULES = YES; SWIFT_COMPILATION_MODE = wholemodule; SWIFT_OPTIMIZATION_LEVEL = "-O";};};
  C00000000000000000000012 = {isa = XCBuildConfiguration; name = Debug; buildSettings = {SWIFT_ACTIVE_COMPILATION_CONDITIONS = DEBUG; PRODUCT_NAME = "$(TARGET_NAME)"; PRODUCT_BUNDLE_IDENTIFIER = com.keyrecord.app; INFOPLIST_FILE = App/KeyRecordApp/Info.plist; CODE_SIGN_STYLE = Automatic; DEVELOPMENT_TEAM = P3W62C39TN; CODE_SIGN_IDENTITY = "Apple Development"; ENABLE_HARDENED_RUNTIME = NO; ENABLE_APP_SANDBOX = NO; LD_RUNPATH_SEARCH_PATHS = "$(inherited) @executable_path/../Frameworks";};};
  C00000000000000000000013 = {isa = XCBuildConfiguration; name = Release; buildSettings = {PRODUCT_NAME = "$(TARGET_NAME)"; PRODUCT_BUNDLE_IDENTIFIER = com.keyrecord.app; INFOPLIST_FILE = App/KeyRecordApp/Info.plist; ENABLE_HARDENED_RUNTIME = YES; ENABLE_APP_SANDBOX = NO; LD_RUNPATH_SEARCH_PATHS = "$(inherited) @executable_path/../Frameworks";};};
  C00000000000000000000014 = {isa = XCBuildConfiguration; name = Debug; buildSettings = {SWIFT_ACTIVE_COMPILATION_CONDITIONS = DEBUG; SWIFT_OBJC_BRIDGING_HEADER = App/KeyRecordAppTests/AXBridge.h; PRODUCT_NAME = "$(TARGET_NAME)"; PRODUCT_BUNDLE_IDENTIFIER = com.keyrecord.app.tests; GENERATE_INFOPLIST_FILE = YES; SKIP_INSTALL = YES; LD_RUNPATH_SEARCH_PATHS = "$(inherited) @loader_path/../Frameworks";};};
  C00000000000000000000015 = {isa = XCBuildConfiguration; name = Release; buildSettings = {SWIFT_OBJC_BRIDGING_HEADER = App/KeyRecordAppTests/AXBridge.h; PRODUCT_NAME = "$(TARGET_NAME)"; PRODUCT_BUNDLE_IDENTIFIER = com.keyrecord.app.tests; GENERATE_INFOPLIST_FILE = YES; SKIP_INSTALL = YES; LD_RUNPATH_SEARCH_PATHS = "$(inherited) @loader_path/../Frameworks";};};
 };
 rootObject = A00000000000000000000001;
}
